
Microsoft Visual Studio Solution File, Format Version 12.00
# Visual Studio Version 16
VisualStudioVersion = 16.0.31613.86
MinimumVisualStudioVersion = 10.0.40219.1
Project("{FAE04EC0-301F-11D3-BF4B-00C04F79EFBC}") = "BookPublisherStage1", "BookPublisherStage1.csproj", "{91FBCEDD-E1C4-44F1-8160-85D17C196A5A}"
EndProject
Global
	GlobalSection(SolutionConfigurationPlatforms) = preSolution
		Debug|Any CPU = Debug|Any CPU
		Release|Any CPU = Release|Any CPU
	EndGlobalSection
	GlobalSection(ProjectConfigurationPlatforms) = postSolution
		{91FBCEDD-E1C4-44F1-8160-85D17C196A5A}.Debug|Any CPU.ActiveCfg = Debug|Any CPU
		{91FBCEDD-E1C4-44F1-8160-85D17C196A5A}.Debug|Any CPU.Build.0 = Debug|Any CPU
		{91FBCEDD-E1C4-44F1-8160-85D17C196A5A}.Release|Any CPU.ActiveCfg = Release|Any CPU
		{91FBCEDD-E1C4-44F1-8160-85D17C196A5A}.Release|Any CPU.Build.0 = Release|Any CPU
	EndGlobalSection
	GlobalSection(SolutionProperties) = preSolution
		HideSolutionNode = FALSE
	EndGlobalSection
	GlobalSection(ExtensibilityGlobals) = postSolution
		SolutionGuid = {1411FECD-38DB-44FA-9872-43710DD81ED7}
	EndGlobalSection
EndGlobal
